
Microsoft Visual Studio Solution File, Format Version 12.00
# Visual Studio 15
VisualStudioVersion = 15.0.28010.2036
MinimumVisualStudioVersion = 10.0.40219.1
Project("{8BC9CEB8-8B4A-11D0-8D11-00A0C91BC942}") = "Ch7_lab2", "Ch7_lab2\Ch7_lab2.vcxproj", "{ED72A18B-C89F-4143-9E01-DF19ED09877D}"
EndProject
Global
	GlobalSection(SolutionConfigurationPlatforms) = preSolution
		Debug|x64 = Debug|x64
		Debug|x86 = Debug|x86
		Release|x64 = Release|x64
		Release|x86 = Release|x86
	EndGlobalSection
	GlobalSection(ProjectConfigurationPlatforms) = postSolution
		{ED72A18B-C89F-4143-9E01-DF19ED09877D}.Debug|x64.ActiveCfg = Debug|x64
		{ED72A18B-C89F-4143-9E01-DF19ED09877D}.Debug|x64.Build.0 = Debug|x64
		{ED72A18B-C89F-4143-9E01-DF19ED09877D}.Debug|x86.ActiveCfg = Debug|Win32
		{ED72A18B-C89F-4143-9E01-DF19ED09877D}.Debug|x86.Build.0 = Debug|Win32
		{ED72A18B-C89F-4143-9E01-DF19ED09877D}.Release|x64.ActiveCfg = Release|x64
		{ED72A18B-C89F-4143-9E01-DF19ED09877D}.Release|x64.Build.0 = Release|x64
		{ED72A18B-C89F-4143-9E01-DF19ED09877D}.Release|x86.ActiveCfg = Release|Win32
		{ED72A18B-C89F-4143-9E01-DF19ED09877D}.Release|x86.Build.0 = Release|Win32
	EndGlobalSection
	GlobalSection(SolutionProperties) = preSolution
		HideSolutionNode = FALSE
	EndGlobalSection
	GlobalSection(ExtensibilityGlobals) = postSolution
		SolutionGuid = {2E4A0019-695D-4611-AE90-C65E0B3F6081}
	EndGlobalSection
EndGlobal
